
Microsoft Visual Studio Solution File, Format Version 12.00
# Visual Studio Version 17
VisualStudioVersion = 17.7.34024.191
MinimumVisualStudioVersion = 10.0.40219.1
Project("{FAE04EC0-301F-11D3-BF4B-00C04F79EFBC}") = "project1_2", "project1_2\project1_2.csproj", "{C119443F-42B6-4EF4-9242-BBEF9A91612E}"
EndProject
Global
	GlobalSection(SolutionConfigurationPlatforms) = preSolution
		Debug|Any CPU = Debug|Any CPU
		Release|Any CPU = Release|Any CPU
	EndGlobalSection
	GlobalSection(ProjectConfigurationPlatforms) = postSolution
		{C119443F-42B6-4EF4-9242-BBEF9A91612E}.Debug|Any CPU.ActiveCfg = Debug|Any CPU
		{C119443F-42B6-4EF4-9242-BBEF9A91612E}.Debug|Any CPU.Build.0 = Debug|Any CPU
		{C119443F-42B6-4EF4-9242-BBEF9A91612E}.Release|Any CPU.ActiveCfg = Release|Any CPU
		{C119443F-42B6-4EF4-9242-BBEF9A91612E}.Release|Any CPU.Build.0 = Release|Any CPU
	EndGlobalSection
	GlobalSection(SolutionProperties) = preSolution
		HideSolutionNode = FALSE
	EndGlobalSection
	GlobalSection(ExtensibilityGlobals) = postSolution
		SolutionGuid = {C3D3BD07-ACEB-4077-8327-F0AC69CBDCDA}
	EndGlobalSection
EndGlobal
