
Microsoft Visual Studio Solution File, Format Version 12.00
# Visual Studio Version 17
VisualStudioVersion = 17.0.31903.59
MinimumVisualStudioVersion = 10.0.40219.1
Project("{2150E333-8FDC-42A3-9474-1A3956D46DE8}") = "Trening", "Trening", "{253E2635-C875-4E20-9B0D-4BE2EF483E70}"
EndProject
Project("{FAE04EC0-301F-11D3-BF4B-00C04F79EFBC}") = "Trening przed diagnoza(na bazie sprawdzianu)", "Trening\Trening przed diagnoza(na bazie sprawdzianu)\Trening przed diagnoza(na bazie sprawdzianu).csproj", "{0AD2B011-C0EB-4364-9D24-5539A70E332F}"
EndProject
Project("{2150E333-8FDC-42A3-9474-1A3956D46DE8}") = "Sprawdziany", "Sprawdziany", "{F598A335-0168-4D1D-8352-0D95661D9F7F}"
EndProject
Project("{FAE04EC0-301F-11D3-BF4B-00C04F79EFBC}") = "sprawdzian 11.10", "Sprawdziany\sprawdzian 11.10\sprawdzian 11.10.csproj", "{20BA6A9D-B725-479F-B297-A731B8B37A0D}"
EndProject
Global
	GlobalSection(SolutionConfigurationPlatforms) = preSolution
		Debug|Any CPU = Debug|Any CPU
		Release|Any CPU = Release|Any CPU
	EndGlobalSection
	GlobalSection(SolutionProperties) = preSolution
		HideSolutionNode = FALSE
	EndGlobalSection
	GlobalSection(ProjectConfigurationPlatforms) = postSolution
		{0AD2B011-C0EB-4364-9D24-5539A70E332F}.Debug|Any CPU.ActiveCfg = Debug|Any CPU
		{0AD2B011-C0EB-4364-9D24-5539A70E332F}.Debug|Any CPU.Build.0 = Debug|Any CPU
		{0AD2B011-C0EB-4364-9D24-5539A70E332F}.Release|Any CPU.ActiveCfg = Release|Any CPU
		{0AD2B011-C0EB-4364-9D24-5539A70E332F}.Release|Any CPU.Build.0 = Release|Any CPU
		{20BA6A9D-B725-479F-B297-A731B8B37A0D}.Debug|Any CPU.ActiveCfg = Debug|Any CPU
		{20BA6A9D-B725-479F-B297-A731B8B37A0D}.Debug|Any CPU.Build.0 = Debug|Any CPU
		{20BA6A9D-B725-479F-B297-A731B8B37A0D}.Release|Any CPU.ActiveCfg = Release|Any CPU
		{20BA6A9D-B725-479F-B297-A731B8B37A0D}.Release|Any CPU.Build.0 = Release|Any CPU
	EndGlobalSection
	GlobalSection(NestedProjects) = preSolution
		{0AD2B011-C0EB-4364-9D24-5539A70E332F} = {253E2635-C875-4E20-9B0D-4BE2EF483E70}
		{20BA6A9D-B725-479F-B297-A731B8B37A0D} = {F598A335-0168-4D1D-8352-0D95661D9F7F}
	EndGlobalSection
EndGlobal
